// !$*UTF8*$!
{
	archiveVersion = 1;
	classes = {
	};
	objectVersion = 52;
	objects = {

/* Begin PBXBuildFile section */
		044E8D1B26729A1B005D3B66 /* AppDelegate.swift in Sources */ = {isa = PBXBuildFile; fileRef = 044E8D1A26729A1B005D3B66 /* AppDelegate.swift */; };
		044E8D1D26729A1B005D3B66 /* SceneDelegate.swift in Sources */ = {isa = PBXBuildFile; fileRef = 044E8D1C26729A1B005D3B66 /* SceneDelegate.swift */; };
		044E8D1F26729A1B005D3B66 /* ViewController.swift in Sources */ = {isa = PBXBuildFile; fileRef = 044E8D1E26729A1B005D3B66 /* ViewController.swift */; };
		044E8D2226729A1B005D3B66 /* Main.storyboard in Resources */ = {isa = PBXBuildFile; fileRef = 044E8D2026729A1B005D3B66 /* Main.storyboard */; };
		044E8D2426729A1E005D3B66 /* Assets.xcassets in Resources */ = {isa = PBXBuildFile; fileRef = 044E8D2326729A1E005D3B66 /* Assets.xcassets */; };
		044E8D2726729A1E005D3B66 /* LaunchScreen.storyboard in Resources */ = {isa = PBXBuildFile; fileRef = 044E8D2526729A1E005D3B66 /* LaunchScreen.storyboard */; };
		044E8D3026729D9E005D3B66 /* fraemworkSberCarthage.xcframework in Frameworks */ = {isa = PBXBuildFile; fileRef = 044E8D2F26729D9E005D3B66 /* fraemworkSberCarthage.xcframework */; };
		044E8D3126729D9E005D3B66 /* fraemworkSberCarthage.xcframework in Embed Frameworks */ = {isa = PBXBuildFile; fileRef = 044E8D2F26729D9E005D3B66 /* fraemworkSberCarthage.xcframework */; settings = {ATTRIBUTES = (CodeSignOnCopy, RemoveHeadersOnCopy, ); }; };
/* End PBXBuildFile section */

/* Begin PBXCopyFilesBuildPhase section */
		044E8D3226729D9E005D3B66 /* Embed Frameworks */ = {
			isa = PBXCopyFilesBuildPhase;
			buildActionMask = 2147483647;
			dstPath = "";
			dstSubfolderSpec = 10;
			files = (
				044E8D3126729D9E005D3B66 /* fraemworkSberCarthage.xcframework in Embed Frameworks */,
			);
			name = "Embed Frameworks";
			runOnlyForDeploymentPostprocessing = 0;
		};
/* End PBXCopyFilesBuildPhase section */

/* Begin PBXFileReference section */
		044E8D1726729A1B005D3B66 /* Lesson20-Carthage.app */ = {isa = PBXFileReference; explicitFileType = wrapper.application; includeInIndex = 0; path = "Lesson20-Carthage.app"; sourceTree = BUILT_PRODUCTS_DIR; };
		044E8D1A26729A1B005D3B66 /* AppDelegate.swift */ = {isa = PBXFileReference; lastKnownFileType = sourcecode.swift; path = AppDelegate.swift; sourceTree = "<group>"; };
		044E8D1C26729A1B005D3B66 /* SceneDelegate.swift */ = {isa = PBXFileReference; lastKnownFileType = sourcecode.swift; path = SceneDelegate.swift; sourceTree = "<group>"; };
		044E8D1E26729A1B005D3B66 /* ViewController.swift */ = {isa = PBXFileReference; lastKnownFileType = sourcecode.swift; path = ViewController.swift; sourceTree = "<group>"; };
		044E8D2126729A1B005D3B66 /* Base */ = {isa = PBXFileReference; lastKnownFileType = file.storyboard; name = Base; path = Base.lproj/Main.storyboard; sourceTree = "<group>"; };
		044E8D2326729A1E005D3B66 /* Assets.xcassets */ = {isa = PBXFileReference; lastKnownFileType = folder.assetcatalog; path = Assets.xcassets; sourceTree = "<group>"; };
		044E8D2626729A1E005D3B66 /* Base */ = {isa = PBXFileReference; lastKnownFileType = file.storyboard; name = Base; path = Base.lproj/LaunchScreen.storyboard; sourceTree = "<group>"; };
		044E8D2826729A1E005D3B66 /* Info.plist */ = {isa = PBXFileReference; lastKnownFileType = text.plist.xml; path = Info.plist; sourceTree = "<group>"; };
		044E8D2F26729D9E005D3B66 /* fraemworkSberCarthage.xcframework */ = {isa = PBXFileReference; lastKnownFileType = wrapper.xcframework; name = fraemworkSberCarthage.xcframework; path = Carthage/Build/fraemworkSberCarthage.xcframework; sourceTree = "<group>"; };
/* End PBXFileReference section */

/* Begin PBXFrameworksBuildPhase section */
		044E8D1426729A1B005D3B66 /* Frameworks */ = {
			isa = PBXFrameworksBuildPhase;
			buildActionMask = 2147483647;
			files = (
				044E8D3026729D9E005D3B66 /* fraemworkSberCarthage.xcframework in Frameworks */,
			);
			runOnlyForDeploymentPostprocessing = 0;
		};
/* End PBXFrameworksBuildPhase section */

/* Begin PBXGroup section */
		044E8D0E26729A1B005D3B66 = {
			isa = PBXGroup;
			children = (
				044E8D1926729A1B005D3B66 /* Lesson20-Carthage */,
				044E8D1826729A1B005D3B66 /* Products */,
				044E8D2E26729D9E005D3B66 /* Frameworks */,
			);
			sourceTree = "<group>";
		};
		044E8D1826729A1B005D3B66 /* Products */ = {
			isa = PBXGroup;
			children = (
				044E8D1726729A1B005D3B66 /* Lesson20-Carthage.app */,
			);
			name = Products;
			sourceTree = "<group>";
		};
		044E8D1926729A1B005D3B66 /* Lesson20-Carthage */ = {
			isa = PBXGroup;
			children = (
				044E8D1A26729A1B005D3B66 /* AppDelegate.swift */,
				044E8D1C26729A1B005D3B66 /* SceneDelegate.swift */,
				044E8D1E26729A1B005D3B66 /* ViewController.swift */,
				044E8D2026729A1B005D3B66 /* Main.storyboard */,
				044E8D2326729A1E005D3B66 /* Assets.xcassets */,
				044E8D2526729A1E005D3B66 /* LaunchScreen.storyboard */,
				044E8D2826729A1E005D3B66 /* Info.plist */,
			);
			path = "Lesson20-Carthage";
			sourceTree = "<group>";
		};
		044E8D2E26729D9E005D3B66 /* Frameworks */ = {
			isa = PBXGroup;
			children = (
				044E8D2F26729D9E005D3B66 /* fraemworkSberCarthage.xcframework */,
			);
			name = Frameworks;
			sourceTree = "<group>";
		};
/* End PBXGroup section */

/* Begin PBXNativeTarget section */
		044E8D1626729A1B005D3B66 /* Lesson20-Carthage */ = {
			isa = PBXNativeTarget;
			buildConfigurationList = 044E8D2B26729A1E005D3B66 /* Build configuration list for PBXNativeTarget "Lesson20-Carthage" */;
			buildPhases = (
				044E8D1326729A1B005D3B66 /* Sources */,
				044E8D1426729A1B005D3B66 /* Frameworks */,
				044E8D1526729A1B005D3B66 /* Resources */,
				044E8D3226729D9E005D3B66 /* Embed Frameworks */,
			);
			buildRules = (
			);
			dependencies = (
			);
			name = "Lesson20-Carthage";
			productName = "Lesson20-Carthage";
			productReference = 044E8D1726729A1B005D3B66 /* Lesson20-Carthage.app */;
			productType = "com.apple.product-type.application";
		};
/* End PBXNativeTarget section */

/* Begin PBXProject section */
		044E8D0F26729A1B005D3B66 /* Project object */ = {
			isa = PBXProject;
			attributes = {
				LastSwiftUpdateCheck = 1250;
				LastUpgradeCheck = 1250;
				TargetAttributes = {
					044E8D1626729A1B005D3B66 = {
						CreatedOnToolsVersion = 12.5;
					};
				};
			};
			buildConfigurationList = 044E8D1226729A1B005D3B66 /* Build configuration list for PBXProject "Lesson20-Carthage" */;
			compatibilityVersion = "Xcode 9.3";
			developmentRegion = en;
			hasScannedForEncodings = 0;
			knownRegions = (
				en,
				Base,
			);
			mainGroup = 044E8D0E26729A1B005D3B66;
			productRefGroup = 044E8D1826729A1B005D3B66 /* Products */;
			projectDirPath = "";
			projectRoot = "";
			targets = (
				044E8D1626729A1B005D3B66 /* Lesson20-Carthage */,
			);
		};
/* End PBXProject section */

/* Begin PBXResourcesBuildPhase section */
		044E8D1526729A1B005D3B66 /* Resources */ = {
			isa = PBXResourcesBuildPhase;
			buildActionMask = 2147483647;
			files = (
				044E8D2726729A1E005D3B66 /* LaunchScreen.storyboard in Resources */,
				044E8D2426729A1E005D3B66 /* Assets.xcassets in Resources */,
				044E8D2226729A1B005D3B66 /* Main.storyboard in Resources */,
			);
			runOnlyForDeploymentPostprocessing = 0;
		};
/* End PBXResourcesBuildPhase section */

/* Begin PBXSourcesBuildPhase section */
		044E8D1326729A1B005D3B66 /* Sources */ = {
			isa = PBXSourcesBuildPhase;
			buildActionMask = 2147483647;
			files = (
				044E8D1F26729A1B005D3B66 /* ViewController.swift in Sources */,
				044E8D1B26729A1B005D3B66 /* AppDelegate.swift in Sources */,
				044E8D1D26729A1B005D3B66 /* SceneDelegate.swift in Sources */,
			);
			runOnlyForDeploymentPostprocessing = 0;
		};
/* End PBXSourcesBuildPhase section */

/* Begin PBXVariantGroup section */
		044E8D2026729A1B005D3B66 /* Main.storyboard */ = {
			isa = PBXVariantGroup;
			children = (
				044E8D2126729A1B005D3B66 /* Base */,
			);
			name = Main.storyboard;
			sourceTree = "<group>";
		};
		044E8D2526729A1E005D3B66 /* LaunchScreen.storyboard */ = {
			isa = PBXVariantGroup;
			children = (
				044E8D2626729A1E005D3B66 /* Base */,
			);
			name = LaunchScreen.storyboard;
			sourceTree = "<group>";
		};
/* End PBXVariantGroup section */

/* Begin XCBuildConfiguration section */
		044E8D2926729A1E005D3B66 /* Debug */ = {
			isa = XCBuildConfiguration;
			buildSettings = {
				ALWAYS_SEARCH_USER_PATHS = NO;
				CLANG_ANALYZER_NONNULL = YES;
				CLANG_ANALYZER_NUMBER_OBJECT_CONVERSION = YES_AGGRESSIVE;
				CLANG_CXX_LANGUAGE_STANDARD = "gnu++14";
				CLANG_CXX_LIBRARY = "libc++";
				CLANG_ENABLE_MODULES = YES;
				CLANG_ENABLE_OBJC_ARC = YES;
				CLANG_ENABLE_OBJC_WEAK = YES;
				CLANG_WARN_BLOCK_CAPTURE_AUTORELEASING = YES;
				CLANG_WARN_BOOL_CONVERSION = YES;
				CLANG_WARN_COMMA = YES;
				CLANG_WARN_CONSTANT_CONVERSION = YES;
				CLANG_WARN_DEPRECATED_OBJC_IMPLEMENTATIONS = YES;
				CLANG_WARN_DIRECT_OBJC_ISA_USAGE = YES_ERROR;
				CLANG_WARN_DOCUMENTATION_COMMENTS = YES;
				CLANG_WARN_EMPTY_BODY = YES;
				CLANG_WARN_ENUM_CONVERSION = YES;
				CLANG_WARN_INFINITE_RECURSION = YES;
				CLANG_WARN_INT_CONVERSION = YES;
				CLANG_WARN_NON_LITERAL_NULL_CONVERSION = YES;
				CLANG_WARN_OBJC_IMPLICIT_RETAIN_SELF = YES;
				CLANG_WARN_OBJC_LITERAL_CONVERSION = YES;
				CLANG_WARN_OBJC_ROOT_CLASS = YES_ERROR;
				CLANG_WARN_QUOTED_INCLUDE_IN_FRAMEWORK_HEADER = YES;
				CLANG_WARN_RANGE_LOOP_ANALYSIS = YES;
				CLANG_WARN_STRICT_PROTOTYPES = YES;
				CLANG_WARN_SUSPICIOUS_MOVE = YES;
				CLANG_WARN_UNGUARDED_AVAILABILITY = YES_AGGRESSIVE;
				CLANG_WARN_UNREACHABLE_CODE = YES;
				CLANG_WARN__DUPLICATE_METHOD_MATCH = YES;
				COPY_PHASE_STRIP = NO;
				DEBUG_INFORMATION_FORMAT = dwarf;
				ENABLE_STRICT_OBJC_MSGSEND = YES;
				ENABLE_TESTABILITY = YES;
				GCC_C_LANGUAGE_STANDARD = gnu11;
				GCC_DYNAMIC_NO_PIC = NO;
				GCC_NO_COMMON_BLOCKS = YES;
				GCC_OPTIMIZATION_LEVEL = 0;
				GCC_PREPROCESSOR_DEFINITIONS = (
					"DEBUG=1",
					"$(inherited)",
				);
				GCC_WARN_64_TO_32_BIT_CONVERSION = YES;
				GCC_WARN_ABOUT_RETURN_TYPE = YES_ERROR;
				GCC_WARN_UNDECLARED_SELECTOR = YES;
				GCC_WARN_UNINITIALIZED_AUTOS = YES_AGGRESSIVE;
				GCC_WARN_UNUSED_FUNCTION = YES;
				GCC_WARN_UNUSED_VARIABLE = YES;
				IPHONEOS_DEPLOYMENT_TARGET = 14.5;
				MTL_ENABLE_DEBUG_INFO = INCLUDE_SOURCE;
				MTL_FAST_MATH = YES;
				ONLY_ACTIVE_ARCH = YES;
				SDKROOT = iphoneos;
				SWIFT_ACTIVE_COMPILATION_CONDITIONS = DEBUG;
				SWIFT_OPTIMIZATION_LEVEL = "-Onone";
			};
			name = Debug;
		};
		044E8D2A26729A1E005D3B66 /* Release */ = {
			isa = XCBuildConfiguration;
			buildSettings = {
				ALWAYS_SEARCH_USER_PATHS = NO;
				CLANG_ANALYZER_NONNULL = YES;
				CLANG_ANALYZER_NUMBER_OBJECT_CONVERSION = YES_AGGRESSIVE;
				CLANG_CXX_LANGUAGE_STANDARD = "gnu++14";
				CLANG_CXX_LIBRARY = "libc++";
				CLANG_ENABLE_MODULES = YES;
				CLANG_ENABLE_OBJC_ARC = YES;
				CLANG_ENABLE_OBJC_WEAK = YES;
				CLANG_WARN_BLOCK_CAPTURE_AUTORELEASING = YES;
				CLANG_WARN_BOOL_CONVERSION = YES;
				CLANG_WARN_COMMA = YES;
				CLANG_WARN_CONSTANT_CONVERSION = YES;
				CLANG_WARN_DEPRECATED_OBJC_IMPLEMENTATIONS = YES;
				CLANG_WARN_DIRECT_OBJC_ISA_USAGE = YES_ERROR;
				CLANG_WARN_DOCUMENTATION_COMMENTS = YES;
				CLANG_WARN_EMPTY_BODY = YES;
				CLANG_WARN_ENUM_CONVERSION = YES;
				CLANG_WARN_INFINITE_RECURSION = YES;
				CLANG_WARN_INT_CONVERSION = YES;
				CLANG_WARN_NON_LITERAL_NULL_CONVERSION = YES;
				CLANG_WARN_OBJC_IMPLICIT_RETAIN_SELF = YES;
				CLANG_WARN_OBJC_LITERAL_CONVERSION = YES;
				CLANG_WARN_OBJC_ROOT_CLASS = YES_ERROR;
				CLANG_WARN_QUOTED_INCLUDE_IN_FRAMEWORK_HEADER = YES;
				CLANG_WARN_RANGE_LOOP_ANALYSIS = YES;
				CLANG_WARN_STRICT_PROTOTYPES = YES;
				CLANG_WARN_SUSPICIOUS_MOVE = YES;
				CLANG_WARN_UNGUARDED_AVAILABILITY = YES_AGGRESSIVE;
				CLANG_WARN_UNREACHABLE_CODE = YES;
				CLANG_WARN__DUPLICATE_METHOD_MATCH = YES;
				COPY_PHASE_STRIP = NO;
				DEBUG_INFORMATION_FORMAT = "dwarf-with-dsym";
				ENABLE_NS_ASSERTIONS = NO;
				ENABLE_STRICT_OBJC_MSGSEND = YES;
				GCC_C_LANGUAGE_STANDARD = gnu11;
				GCC_NO_COMMON_BLOCKS = YES;
				GCC_WARN_64_TO_32_BIT_CONVERSION = YES;
				GCC_WARN_ABOUT_RETURN_TYPE = YES_ERROR;
				GCC_WARN_UNDECLARED_SELECTOR = YES;
				GCC_WARN_UNINITIALIZED_AUTOS = YES_AGGRESSIVE;
				GCC_WARN_UNUSED_FUNCTION = YES;
				GCC_WARN_UNUSED_VARIABLE = YES;
				IPHONEOS_DEPLOYMENT_TARGET = 14.5;
				MTL_ENABLE_DEBUG_INFO = NO;
				MTL_FAST_MATH = YES;
				ONLY_ACTIVE_ARCH = NO;
				SDKROOT = iphoneos;
				SWIFT_COMPILATION_MODE = wholemodule;
				SWIFT_OPTIMIZATION_LEVEL = "-O";
				VALIDATE_PRODUCT = YES;
			};
			name = Release;
		};
		044E8D2C26729A1E005D3B66 /* Debug */ = {
			isa = XCBuildConfiguration;
			buildSettings = {
				ASSETCATALOG_COMPILER_APPICON_NAME = AppIcon;
				ASSETCATALOG_COMPILER_GLOBAL_ACCENT_COLOR_NAME = AccentColor;
				CODE_SIGN_STYLE = Automatic;
				INFOPLIST_FILE = "Lesson20-Carthage/Info.plist";
				LD_RUNPATH_SEARCH_PATHS = (
					"$(inherited)",
					"@executable_path/Frameworks",
				);
				PRODUCT_BUNDLE_IDENTIFIER = "com.galkin.Lesson20-Carthage";
				PRODUCT_NAME = "$(TARGET_NAME)";
				SWIFT_VERSION = 5.0;
				TARGETED_DEVICE_FAMILY = "1,2";
			};
			name = Debug;
		};
		044E8D2D26729A1E005D3B66 /* Release */ = {
			isa = XCBuildConfiguration;
			buildSettings = {
				ASSETCATALOG_COMPILER_APPICON_NAME = AppIcon;
				ASSETCATALOG_COMPILER_GLOBAL_ACCENT_COLOR_NAME = AccentColor;
				CODE_SIGN_STYLE = Automatic;
				INFOPLIST_FILE = "Lesson20-Carthage/Info.plist";
				LD_RUNPATH_SEARCH_PATHS = (
					"$(inherited)",
					"@executable_path/Frameworks",
				);
				PRODUCT_BUNDLE_IDENTIFIER = "com.galkin.Lesson20-Carthage";
				PRODUCT_NAME = "$(TARGET_NAME)";
				SWIFT_VERSION = 5.0;
				TARGETED_DEVICE_FAMILY = "1,2";
			};
			name = Release;
		};
/* End XCBuildConfiguration section */

/* Begin XCConfigurationList section */
		044E8D1226729A1B005D3B66 /* Build configuration list for PBXProject "Lesson20-Carthage" */ = {
			isa = XCConfigurationList;
			buildConfigurations = (
				044E8D2926729A1E005D3B66 /* Debug */,
				044E8D2A26729A1E005D3B66 /* Release */,
			);
			defaultConfigurationIsVisible = 0;
			defaultConfigurationName = Release;
		};
		044E8D2B26729A1E005D3B66 /* Build configuration list for PBXNativeTarget "Lesson20-Carthage" */ = {
			isa = XCConfigurationList;
			buildConfigurations = (
				044E8D2C26729A1E005D3B66 /* Debug */,
				044E8D2D26729A1E005D3B66 /* Release */,
			);
			defaultConfigurationIsVisible = 0;
			defaultConfigurationName = Release;
		};
/* End XCConfigurationList section */
	};
	rootObject = 044E8D0F26729A1B005D3B66 /* Project object */;
}
